
Microsoft Visual Studio Solution File, Format Version 12.00
# Visual Studio Version 17
VisualStudioVersion = 17.2.32630.192
MinimumVisualStudioVersion = 10.0.40219.1
Project("{FAE04EC0-301F-11D3-BF4B-00C04F79EFBC}") = "Bài4Biến", "Bài4Biến.csproj", "{6AB14B19-0B46-4703-875E-D21F17715F69}"
EndProject
Global
	GlobalSection(SolutionConfigurationPlatforms) = preSolution
		Debug|Any CPU = Debug|Any CPU
		Release|Any CPU = Release|Any CPU
	EndGlobalSection
	GlobalSection(ProjectConfigurationPlatforms) = postSolution
		{6AB14B19-0B46-4703-875E-D21F17715F69}.Debug|Any CPU.ActiveCfg = Debug|Any CPU
		{6AB14B19-0B46-4703-875E-D21F17715F69}.Debug|Any CPU.Build.0 = Debug|Any CPU
		{6AB14B19-0B46-4703-875E-D21F17715F69}.Release|Any CPU.ActiveCfg = Release|Any CPU
		{6AB14B19-0B46-4703-875E-D21F17715F69}.Release|Any CPU.Build.0 = Release|Any CPU
	EndGlobalSection
	GlobalSection(SolutionProperties) = preSolution
		HideSolutionNode = FALSE
	EndGlobalSection
	GlobalSection(ExtensibilityGlobals) = postSolution
		SolutionGuid = {DCFFE3ED-3C86-45BF-93BF-F9B5AF8A4689}
	EndGlobalSection
EndGlobal
