
Microsoft Visual Studio Solution File, Format Version 12.00
# Visual Studio Version 17
VisualStudioVersion = 17.2.32630.192
MinimumVisualStudioVersion = 10.0.40219.1
Project("{FAE04EC0-301F-11D3-BF4B-00C04F79EFBC}") = "Ref_Out", "Ref_Out.csproj", "{5CBC7930-02F8-4AED-843B-2E408F2CC38A}"
EndProject
Global
	GlobalSection(SolutionConfigurationPlatforms) = preSolution
		Debug|Any CPU = Debug|Any CPU
		Release|Any CPU = Release|Any CPU
	EndGlobalSection
	GlobalSection(ProjectConfigurationPlatforms) = postSolution
		{5CBC7930-02F8-4AED-843B-2E408F2CC38A}.Debug|Any CPU.ActiveCfg = Debug|Any CPU
		{5CBC7930-02F8-4AED-843B-2E408F2CC38A}.Debug|Any CPU.Build.0 = Debug|Any CPU
		{5CBC7930-02F8-4AED-843B-2E408F2CC38A}.Release|Any CPU.ActiveCfg = Release|Any CPU
		{5CBC7930-02F8-4AED-843B-2E408F2CC38A}.Release|Any CPU.Build.0 = Release|Any CPU
	EndGlobalSection
	GlobalSection(SolutionProperties) = preSolution
		HideSolutionNode = FALSE
	EndGlobalSection
	GlobalSection(ExtensibilityGlobals) = postSolution
		SolutionGuid = {845DB209-65F7-442C-A267-ABE23ADFD289}
	EndGlobalSection
EndGlobal
