
Microsoft Visual Studio Solution File, Format Version 12.00
# Visual Studio Version 17
VisualStudioVersion = 17.2.32630.192
MinimumVisualStudioVersion = 10.0.40219.1
Project("{FAE04EC0-301F-11D3-BF4B-00C04F79EFBC}") = "Wile", "Wile.csproj", "{8B0E0749-E639-4856-87A1-EBCA7C77A84A}"
EndProject
Global
	GlobalSection(SolutionConfigurationPlatforms) = preSolution
		Debug|Any CPU = Debug|Any CPU
		Release|Any CPU = Release|Any CPU
	EndGlobalSection
	GlobalSection(ProjectConfigurationPlatforms) = postSolution
		{8B0E0749-E639-4856-87A1-EBCA7C77A84A}.Debug|Any CPU.ActiveCfg = Debug|Any CPU
		{8B0E0749-E639-4856-87A1-EBCA7C77A84A}.Debug|Any CPU.Build.0 = Debug|Any CPU
		{8B0E0749-E639-4856-87A1-EBCA7C77A84A}.Release|Any CPU.ActiveCfg = Release|Any CPU
		{8B0E0749-E639-4856-87A1-EBCA7C77A84A}.Release|Any CPU.Build.0 = Release|Any CPU
	EndGlobalSection
	GlobalSection(SolutionProperties) = preSolution
		HideSolutionNode = FALSE
	EndGlobalSection
	GlobalSection(ExtensibilityGlobals) = postSolution
		SolutionGuid = {7210A998-BBCA-42D0-8B26-A06F0E48B6DC}
	EndGlobalSection
EndGlobal
