
Microsoft Visual Studio Solution File, Format Version 12.00
# Visual Studio Version 17
VisualStudioVersion = 17.2.32630.192
MinimumVisualStudioVersion = 10.0.40219.1
Project("{FAE04EC0-301F-11D3-BF4B-00C04F79EFBC}") = "TinhChanLe", "TinhChanLe.csproj", "{ED06D93B-0EFC-4F9C-94F0-856F454FD787}"
EndProject
Global
	GlobalSection(SolutionConfigurationPlatforms) = preSolution
		Debug|Any CPU = Debug|Any CPU
		Release|Any CPU = Release|Any CPU
	EndGlobalSection
	GlobalSection(ProjectConfigurationPlatforms) = postSolution
		{ED06D93B-0EFC-4F9C-94F0-856F454FD787}.Debug|Any CPU.ActiveCfg = Debug|Any CPU
		{ED06D93B-0EFC-4F9C-94F0-856F454FD787}.Debug|Any CPU.Build.0 = Debug|Any CPU
		{ED06D93B-0EFC-4F9C-94F0-856F454FD787}.Release|Any CPU.ActiveCfg = Release|Any CPU
		{ED06D93B-0EFC-4F9C-94F0-856F454FD787}.Release|Any CPU.Build.0 = Release|Any CPU
	EndGlobalSection
	GlobalSection(SolutionProperties) = preSolution
		HideSolutionNode = FALSE
	EndGlobalSection
	GlobalSection(ExtensibilityGlobals) = postSolution
		SolutionGuid = {6FFD1A71-7DB9-449E-8F0B-3A7FAE5E0A45}
	EndGlobalSection
EndGlobal
